// !$*UTF8*$!
{
	archiveVersion = 1;
	classes = {
	};
	objectVersion = 46;
	objects = {

/* Begin PBXBuildFile section */
		D030DCAA1C9BD4F60024A0A2 /* main.m in Sources */ = {isa = PBXBuildFile; fileRef = D030DCA91C9BD4F60024A0A2 /* main.m */; };
		D030DCAD1C9BD4F60024A0A2 /* AppDelegate.m in Sources */ = {isa = PBXBuildFile; fileRef = D030DCAC1C9BD4F60024A0A2 /* AppDelegate.m */; };
		D030DCB01C9BD4F60024A0A2 /* ViewController.m in Sources */ = {isa = PBXBuildFile; fileRef = D030DCAF1C9BD4F60024A0A2 /* ViewController.m */; };
		D030DCB31C9BD4F60024A0A2 /* Main.storyboard in Resources */ = {isa = PBXBuildFile; fileRef = D030DCB11C9BD4F60024A0A2 /* Main.storyboard */; };
		D030DCB51C9BD4F60024A0A2 /* Assets.xcassets in Resources */ = {isa = PBXBuildFile; fileRef = D030DCB41C9BD4F60024A0A2 /* Assets.xcassets */; };
		D030DCB81C9BD4F60024A0A2 /* LaunchScreen.storyboard in Resources */ = {isa = PBXBuildFile; fileRef = D030DCB61C9BD4F60024A0A2 /* LaunchScreen.storyboard */; };
		D030DCC31C9BD4F60024A0A2 /* __________Tests.m in Sources */ = {isa = PBXBuildFile; fileRef = D030DCC21C9BD4F60024A0A2 /* __________Tests.m */; };
		D030DCCE1C9BD4F60024A0A2 /* __________UITests.m in Sources */ = {isa = PBXBuildFile; fileRef = D030DCCD1C9BD4F60024A0A2 /* __________UITests.m */; };
		D030DCDD1C9BFC320024A0A2 /* WSTableViewController.m in Sources */ = {isa = PBXBuildFile; fileRef = D030DCDC1C9BFC320024A0A2 /* WSTableViewController.m */; settings = {ASSET_TAGS = (); }; };
/* End PBXBuildFile section */

/* Begin PBXContainerItemProxy section */
		D030DCBF1C9BD4F60024A0A2 /* PBXContainerItemProxy */ = {
			isa = PBXContainerItemProxy;
			containerPortal = D030DC9D1C9BD4F60024A0A2 /* Project object */;
			proxyType = 1;
			remoteGlobalIDString = D030DCA41C9BD4F60024A0A2;
			remoteInfo = "键盘遮盖输入框的处理";
		};
		D030DCCA1C9BD4F60024A0A2 /* PBXContainerItemProxy */ = {
			isa = PBXContainerItemProxy;
			containerPortal = D030DC9D1C9BD4F60024A0A2 /* Project object */;
			proxyType = 1;
			remoteGlobalIDString = D030DCA41C9BD4F60024A0A2;
			remoteInfo = "键盘遮盖输入框的处理";
		};
/* End PBXContainerItemProxy section */

/* Begin PBXFileReference section */
		D030DCA51C9BD4F60024A0A2 /* 键盘遮盖输入框的处理.app */ = {isa = PBXFileReference; explicitFileType = wrapper.application; includeInIndex = 0; path = "键盘遮盖输入框的处理.app"; sourceTree = BUILT_PRODUCTS_DIR; };
		D030DCA91C9BD4F60024A0A2 /* main.m */ = {isa = PBXFileReference; lastKnownFileType = sourcecode.c.objc; path = main.m; sourceTree = "<group>"; };
		D030DCAB1C9BD4F60024A0A2 /* AppDelegate.h */ = {isa = PBXFileReference; lastKnownFileType = sourcecode.c.h; path = AppDelegate.h; sourceTree = "<group>"; };
		D030DCAC1C9BD4F60024A0A2 /* AppDelegate.m */ = {isa = PBXFileReference; lastKnownFileType = sourcecode.c.objc; path = AppDelegate.m; sourceTree = "<group>"; };
		D030DCAE1C9BD4F60024A0A2 /* ViewController.h */ = {isa = PBXFileReference; lastKnownFileType = sourcecode.c.h; path = ViewController.h; sourceTree = "<group>"; };
		D030DCAF1C9BD4F60024A0A2 /* ViewController.m */ = {isa = PBXFileReference; lastKnownFileType = sourcecode.c.objc; path = ViewController.m; sourceTree = "<group>"; };
		D030DCB21C9BD4F60024A0A2 /* Base */ = {isa = PBXFileReference; lastKnownFileType = file.storyboard; name = Base; path = Base.lproj/Main.storyboard; sourceTree = "<group>"; };
		D030DCB41C9BD4F60024A0A2 /* Assets.xcassets */ = {isa = PBXFileReference; lastKnownFileType = folder.assetcatalog; path = Assets.xcassets; sourceTree = "<group>"; };
		D030DCB71C9BD4F60024A0A2 /* Base */ = {isa = PBXFileReference; lastKnownFileType = file.storyboard; name = Base; path = Base.lproj/LaunchScreen.storyboard; sourceTree = "<group>"; };
		D030DCB91C9BD4F60024A0A2 /* Info.plist */ = {isa = PBXFileReference; lastKnownFileType = text.plist.xml; path = Info.plist; sourceTree = "<group>"; };
		D030DCBE1C9BD4F60024A0A2 /* 键盘遮盖输入框的处理Tests.xctest */ = {isa = PBXFileReference; explicitFileType = wrapper.cfbundle; includeInIndex = 0; path = "键盘遮盖输入框的处理Tests.xctest"; sourceTree = BUILT_PRODUCTS_DIR; };
		D030DCC21C9BD4F60024A0A2 /* __________Tests.m */ = {isa = PBXFileReference; lastKnownFileType = sourcecode.c.objc; path = "__________Tests.m"; sourceTree = "<group>"; };
		D030DCC41C9BD4F60024A0A2 /* Info.plist */ = {isa = PBXFileReference; lastKnownFileType = text.plist.xml; path = Info.plist; sourceTree = "<group>"; };
		D030DCC91C9BD4F60024A0A2 /* 键盘遮盖输入框的处理UITests.xctest */ = {isa = PBXFileReference; explicitFileType = wrapper.cfbundle; includeInIndex = 0; path = "键盘遮盖输入框的处理UITests.xctest"; sourceTree = BUILT_PRODUCTS_DIR; };
		D030DCCD1C9BD4F60024A0A2 /* __________UITests.m */ = {isa = PBXFileReference; lastKnownFileType = sourcecode.c.objc; path = "__________UITests.m"; sourceTree = "<group>"; };
		D030DCCF1C9BD4F60024A0A2 /* Info.plist */ = {isa = PBXFileReference; lastKnownFileType = text.plist.xml; path = Info.plist; sourceTree = "<group>"; };
		D030DCDB1C9BFC320024A0A2 /* WSTableViewController.h */ = {isa = PBXFileReference; fileEncoding = 4; lastKnownFileType = sourcecode.c.h; path = WSTableViewController.h; sourceTree = "<group>"; };
		D030DCDC1C9BFC320024A0A2 /* WSTableViewController.m */ = {isa = PBXFileReference; fileEncoding = 4; lastKnownFileType = sourcecode.c.objc; path = WSTableViewController.m; sourceTree = "<group>"; };
/* End PBXFileReference section */

/* Begin PBXFrameworksBuildPhase section */
		D030DCA21C9BD4F60024A0A2 /* Frameworks */ = {
			isa = PBXFrameworksBuildPhase;
			buildActionMask = 2147483647;
			files = (
			);
			runOnlyForDeploymentPostprocessing = 0;
		};
		D030DCBB1C9BD4F60024A0A2 /* Frameworks */ = {
			isa = PBXFrameworksBuildPhase;
			buildActionMask = 2147483647;
			files = (
			);
			runOnlyForDeploymentPostprocessing = 0;
		};
		D030DCC61C9BD4F60024A0A2 /* Frameworks */ = {
			isa = PBXFrameworksBuildPhase;
			buildActionMask = 2147483647;
			files = (
			);
			runOnlyForDeploymentPostprocessing = 0;
		};
/* End PBXFrameworksBuildPhase section */

/* Begin PBXGroup section */
		D030DC9C1C9BD4F60024A0A2 = {
			isa = PBXGroup;
			children = (
				D030DCA71C9BD4F60024A0A2 /* 键盘遮盖输入框的处理 */,
				D030DCC11C9BD4F60024A0A2 /* 键盘遮盖输入框的处理Tests */,
				D030DCCC1C9BD4F60024A0A2 /* 键盘遮盖输入框的处理UITests */,
				D030DCA61C9BD4F60024A0A2 /* Products */,
			);
			sourceTree = "<group>";
		};
		D030DCA61C9BD4F60024A0A2 /* Products */ = {
			isa = PBXGroup;
			children = (
				D030DCA51C9BD4F60024A0A2 /* 键盘遮盖输入框的处理.app */,
				D030DCBE1C9BD4F60024A0A2 /* 键盘遮盖输入框的处理Tests.xctest */,
				D030DCC91C9BD4F60024A0A2 /* 键盘遮盖输入框的处理UITests.xctest */,
			);
			name = Products;
			sourceTree = "<group>";
		};
		D030DCA71C9BD4F60024A0A2 /* 键盘遮盖输入框的处理 */ = {
			isa = PBXGroup;
			children = (
				D030DCAB1C9BD4F60024A0A2 /* AppDelegate.h */,
				D030DCAC1C9BD4F60024A0A2 /* AppDelegate.m */,
				D030DCAE1C9BD4F60024A0A2 /* ViewController.h */,
				D030DCAF1C9BD4F60024A0A2 /* ViewController.m */,
				D030DCDB1C9BFC320024A0A2 /* WSTableViewController.h */,
				D030DCDC1C9BFC320024A0A2 /* WSTableViewController.m */,
				D030DCB11C9BD4F60024A0A2 /* Main.storyboard */,
				D030DCB41C9BD4F60024A0A2 /* Assets.xcassets */,
				D030DCB61C9BD4F60024A0A2 /* LaunchScreen.storyboard */,
				D030DCB91C9BD4F60024A0A2 /* Info.plist */,
				D030DCA81C9BD4F60024A0A2 /* Supporting Files */,
			);
			path = "键盘遮盖输入框的处理";
			sourceTree = "<group>";
		};
		D030DCA81C9BD4F60024A0A2 /* Supporting Files */ = {
			isa = PBXGroup;
			children = (
				D030DCA91C9BD4F60024A0A2 /* main.m */,
			);
			name = "Supporting Files";
			sourceTree = "<group>";
		};
		D030DCC11C9BD4F60024A0A2 /* 键盘遮盖输入框的处理Tests */ = {
			isa = PBXGroup;
			children = (
				D030DCC21C9BD4F60024A0A2 /* __________Tests.m */,
				D030DCC41C9BD4F60024A0A2 /* Info.plist */,
			);
			path = "键盘遮盖输入框的处理Tests";
			sourceTree = "<group>";
		};
		D030DCCC1C9BD4F60024A0A2 /* 键盘遮盖输入框的处理UITests */ = {
			isa = PBXGroup;
			children = (
				D030DCCD1C9BD4F60024A0A2 /* __________UITests.m */,
				D030DCCF1C9BD4F60024A0A2 /* Info.plist */,
			);
			path = "键盘遮盖输入框的处理UITests";
			sourceTree = "<group>";
		};
/* End PBXGroup section */

/* Begin PBXNativeTarget section */
		D030DCA41C9BD4F60024A0A2 /* 键盘遮盖输入框的处理 */ = {
			isa = PBXNativeTarget;
			buildConfigurationList = D030DCD21C9BD4F60024A0A2 /* Build configuration list for PBXNativeTarget "键盘遮盖输入框的处理" */;
			buildPhases = (
				D030DCA11C9BD4F60024A0A2 /* Sources */,
				D030DCA21C9BD4F60024A0A2 /* Frameworks */,
				D030DCA31C9BD4F60024A0A2 /* Resources */,
			);
			buildRules = (
			);
			dependencies = (
			);
			name = "键盘遮盖输入框的处理";
			productName = "键盘遮盖输入框的处理";
			productReference = D030DCA51C9BD4F60024A0A2 /* 键盘遮盖输入框的处理.app */;
			productType = "com.apple.product-type.application";
		};
		D030DCBD1C9BD4F60024A0A2 /* 键盘遮盖输入框的处理Tests */ = {
			isa = PBXNativeTarget;
			buildConfigurationList = D030DCD51C9BD4F60024A0A2 /* Build configuration list for PBXNativeTarget "键盘遮盖输入框的处理Tests" */;
			buildPhases = (
				D030DCBA1C9BD4F60024A0A2 /* Sources */,
				D030DCBB1C9BD4F60024A0A2 /* Frameworks */,
				D030DCBC1C9BD4F60024A0A2 /* Resources */,
			);
			buildRules = (
			);
			dependencies = (
				D030DCC01C9BD4F60024A0A2 /* PBXTargetDependency */,
			);
			name = "键盘遮盖输入框的处理Tests";
			productName = "键盘遮盖输入框的处理Tests";
			productReference = D030DCBE1C9BD4F60024A0A2 /* 键盘遮盖输入框的处理Tests.xctest */;
			productType = "com.apple.product-type.bundle.unit-test";
		};
		D030DCC81C9BD4F60024A0A2 /* 键盘遮盖输入框的处理UITests */ = {
			isa = PBXNativeTarget;
			buildConfigurationList = D030DCD81C9BD4F60024A0A2 /* Build configuration list for PBXNativeTarget "键盘遮盖输入框的处理UITests" */;
			buildPhases = (
				D030DCC51C9BD4F60024A0A2 /* Sources */,
				D030DCC61C9BD4F60024A0A2 /* Frameworks */,
				D030DCC71C9BD4F60024A0A2 /* Resources */,
			);
			buildRules = (
			);
			dependencies = (
				D030DCCB1C9BD4F60024A0A2 /* PBXTargetDependency */,
			);
			name = "键盘遮盖输入框的处理UITests";
			productName = "键盘遮盖输入框的处理UITests";
			productReference = D030DCC91C9BD4F60024A0A2 /* 键盘遮盖输入框的处理UITests.xctest */;
			productType = "com.apple.product-type.bundle.ui-testing";
		};
/* End PBXNativeTarget section */

/* Begin PBXProject section */
		D030DC9D1C9BD4F60024A0A2 /* Project object */ = {
			isa = PBXProject;
			attributes = {
				LastUpgradeCheck = 0700;
				ORGANIZATIONNAME = sw;
				TargetAttributes = {
					D030DCA41C9BD4F60024A0A2 = {
						CreatedOnToolsVersion = 7.0.1;
					};
					D030DCBD1C9BD4F60024A0A2 = {
						CreatedOnToolsVersion = 7.0.1;
						TestTargetID = D030DCA41C9BD4F60024A0A2;
					};
					D030DCC81C9BD4F60024A0A2 = {
						CreatedOnToolsVersion = 7.0.1;
						TestTargetID = D030DCA41C9BD4F60024A0A2;
					};
				};
			};
			buildConfigurationList = D030DCA01C9BD4F60024A0A2 /* Build configuration list for PBXProject "键盘遮盖输入框的处理" */;
			compatibilityVersion = "Xcode 3.2";
			developmentRegion = English;
			hasScannedForEncodings = 0;
			knownRegions = (
				en,
				Base,
			);
			mainGroup = D030DC9C1C9BD4F60024A0A2;
			productRefGroup = D030DCA61C9BD4F60024A0A2 /* Products */;
			projectDirPath = "";
			projectRoot = "";
			targets = (
				D030DCA41C9BD4F60024A0A2 /* 键盘遮盖输入框的处理 */,
				D030DCBD1C9BD4F60024A0A2 /* 键盘遮盖输入框的处理Tests */,
				D030DCC81C9BD4F60024A0A2 /* 键盘遮盖输入框的处理UITests */,
			);
		};
/* End PBXProject section */

/* Begin PBXResourcesBuildPhase section */
		D030DCA31C9BD4F60024A0A2 /* Resources */ = {
			isa = PBXResourcesBuildPhase;
			buildActionMask = 2147483647;
			files = (
				D030DCB81C9BD4F60024A0A2 /* LaunchScreen.storyboard in Resources */,
				D030DCB51C9BD4F60024A0A2 /* Assets.xcassets in Resources */,
				D030DCB31C9BD4F60024A0A2 /* Main.storyboard in Resources */,
			);
			runOnlyForDeploymentPostprocessing = 0;
		};
		D030DCBC1C9BD4F60024A0A2 /* Resources */ = {
			isa = PBXResourcesBuildPhase;
			buildActionMask = 2147483647;
			files = (
			);
			runOnlyForDeploymentPostprocessing = 0;
		};
		D030DCC71C9BD4F60024A0A2 /* Resources */ = {
			isa = PBXResourcesBuildPhase;
			buildActionMask = 2147483647;
			files = (
			);
			runOnlyForDeploymentPostprocessing = 0;
		};
/* End PBXResourcesBuildPhase section */

/* Begin PBXSourcesBuildPhase section */
		D030DCA11C9BD4F60024A0A2 /* Sources */ = {
			isa = PBXSourcesBuildPhase;
			buildActionMask = 2147483647;
			files = (
				D030DCB01C9BD4F60024A0A2 /* ViewController.m in Sources */,
				D030DCAD1C9BD4F60024A0A2 /* AppDelegate.m in Sources */,
				D030DCAA1C9BD4F60024A0A2 /* main.m in Sources */,
				D030DCDD1C9BFC320024A0A2 /* WSTableViewController.m in Sources */,
			);
			runOnlyForDeploymentPostprocessing = 0;
		};
		D030DCBA1C9BD4F60024A0A2 /* Sources */ = {
			isa = PBXSourcesBuildPhase;
			buildActionMask = 2147483647;
			files = (
				D030DCC31C9BD4F60024A0A2 /* __________Tests.m in Sources */,
			);
			runOnlyForDeploymentPostprocessing = 0;
		};
		D030DCC51C9BD4F60024A0A2 /* Sources */ = {
			isa = PBXSourcesBuildPhase;
			buildActionMask = 2147483647;
			files = (
				D030DCCE1C9BD4F60024A0A2 /* __________UITests.m in Sources */,
			);
			runOnlyForDeploymentPostprocessing = 0;
		};
/* End PBXSourcesBuildPhase section */

/* Begin PBXTargetDependency section */
		D030DCC01C9BD4F60024A0A2 /* PBXTargetDependency */ = {
			isa = PBXTargetDependency;
			target = D030DCA41C9BD4F60024A0A2 /* 键盘遮盖输入框的处理 */;
			targetProxy = D030DCBF1C9BD4F60024A0A2 /* PBXContainerItemProxy */;
		};
		D030DCCB1C9BD4F60024A0A2 /* PBXTargetDependency */ = {
			isa = PBXTargetDependency;
			target = D030DCA41C9BD4F60024A0A2 /* 键盘遮盖输入框的处理 */;
			targetProxy = D030DCCA1C9BD4F60024A0A2 /* PBXContainerItemProxy */;
		};
/* End PBXTargetDependency section */

/* Begin PBXVariantGroup section */
		D030DCB11C9BD4F60024A0A2 /* Main.storyboard */ = {
			isa = PBXVariantGroup;
			children = (
				D030DCB21C9BD4F60024A0A2 /* Base */,
			);
			name = Main.storyboard;
			sourceTree = "<group>";
		};
		D030DCB61C9BD4F60024A0A2 /* LaunchScreen.storyboard */ = {
			isa = PBXVariantGroup;
			children = (
				D030DCB71C9BD4F60024A0A2 /* Base */,
			);
			name = LaunchScreen.storyboard;
			sourceTree = "<group>";
		};
/* End PBXVariantGroup section */

/* Begin XCBuildConfiguration section */
		D030DCD01C9BD4F60024A0A2 /* Debug */ = {
			isa = XCBuildConfiguration;
			buildSettings = {
				ALWAYS_SEARCH_USER_PATHS = NO;
				CLANG_CXX_LANGUAGE_STANDARD = "gnu++0x";
				CLANG_CXX_LIBRARY = "libc++";
				CLANG_ENABLE_MODULES = YES;
				CLANG_ENABLE_OBJC_ARC = YES;
				CLANG_WARN_BOOL_CONVERSION = YES;
				CLANG_WARN_CONSTANT_CONVERSION = YES;
				CLANG_WARN_DIRECT_OBJC_ISA_USAGE = YES_ERROR;
				CLANG_WARN_EMPTY_BODY = YES;
				CLANG_WARN_ENUM_CONVERSION = YES;
				CLANG_WARN_INT_CONVERSION = YES;
				CLANG_WARN_OBJC_ROOT_CLASS = YES_ERROR;
				CLANG_WARN_UNREACHABLE_CODE = YES;
				CLANG_WARN__DUPLICATE_METHOD_MATCH = YES;
				"CODE_SIGN_IDENTITY[sdk=iphoneos*]" = "iPhone Developer";
				COPY_PHASE_STRIP = NO;
				DEBUG_INFORMATION_FORMAT = dwarf;
				ENABLE_STRICT_OBJC_MSGSEND = YES;
				ENABLE_TESTABILITY = YES;
				GCC_C_LANGUAGE_STANDARD = gnu99;
				GCC_DYNAMIC_NO_PIC = NO;
				GCC_NO_COMMON_BLOCKS = YES;
				GCC_OPTIMIZATION_LEVEL = 0;
				GCC_PREPROCESSOR_DEFINITIONS = (
					"DEBUG=1",
					"$(inherited)",
				);
				GCC_WARN_64_TO_32_BIT_CONVERSION = YES;
				GCC_WARN_ABOUT_RETURN_TYPE = YES_ERROR;
				GCC_WARN_UNDECLARED_SELECTOR = YES;
				GCC_WARN_UNINITIALIZED_AUTOS = YES_AGGRESSIVE;
				GCC_WARN_UNUSED_FUNCTION = YES;
				GCC_WARN_UNUSED_VARIABLE = YES;
				IPHONEOS_DEPLOYMENT_TARGET = 9.0;
				MTL_ENABLE_DEBUG_INFO = YES;
				ONLY_ACTIVE_ARCH = YES;
				SDKROOT = iphoneos;
			};
			name = Debug;
		};
		D030DCD11C9BD4F60024A0A2 /* Release */ = {
			isa = XCBuildConfiguration;
			buildSettings = {
				ALWAYS_SEARCH_USER_PATHS = NO;
				CLANG_CXX_LANGUAGE_STANDARD = "gnu++0x";
				CLANG_CXX_LIBRARY = "libc++";
				CLANG_ENABLE_MODULES = YES;
				CLANG_ENABLE_OBJC_ARC = YES;
				CLANG_WARN_BOOL_CONVERSION = YES;
				CLANG_WARN_CONSTANT_CONVERSION = YES;
				CLANG_WARN_DIRECT_OBJC_ISA_USAGE = YES_ERROR;
				CLANG_WARN_EMPTY_BODY = YES;
				CLANG_WARN_ENUM_CONVERSION = YES;
				CLANG_WARN_INT_CONVERSION = YES;
				CLANG_WARN_OBJC_ROOT_CLASS = YES_ERROR;
				CLANG_WARN_UNREACHABLE_CODE = YES;
				CLANG_WARN__DUPLICATE_METHOD_MATCH = YES;
				"CODE_SIGN_IDENTITY[sdk=iphoneos*]" = "iPhone Developer";
				COPY_PHASE_STRIP = NO;
				DEBUG_INFORMATION_FORMAT = "dwarf-with-dsym";
				ENABLE_NS_ASSERTIONS = NO;
				ENABLE_STRICT_OBJC_MSGSEND = YES;
				GCC_C_LANGUAGE_STANDARD = gnu99;
				GCC_NO_COMMON_BLOCKS = YES;
				GCC_WARN_64_TO_32_BIT_CONVERSION = YES;
				GCC_WARN_ABOUT_RETURN_TYPE = YES_ERROR;
				GCC_WARN_UNDECLARED_SELECTOR = YES;
				GCC_WARN_UNINITIALIZED_AUTOS = YES_AGGRESSIVE;
				GCC_WARN_UNUSED_FUNCTION = YES;
				GCC_WARN_UNUSED_VARIABLE = YES;
				IPHONEOS_DEPLOYMENT_TARGET = 9.0;
				MTL_ENABLE_DEBUG_INFO = NO;
				SDKROOT = iphoneos;
				VALIDATE_PRODUCT = YES;
			};
			name = Release;
		};
		D030DCD31C9BD4F60024A0A2 /* Debug */ = {
			isa = XCBuildConfiguration;
			buildSettings = {
				ASSETCATALOG_COMPILER_APPICON_NAME = AppIcon;
				INFOPLIST_FILE = "键盘遮盖输入框的处理/Info.plist";
				LD_RUNPATH_SEARCH_PATHS = "$(inherited) @executable_path/Frameworks";
				PRODUCT_BUNDLE_IDENTIFIER = "com.sw.iOS.----------";
				PRODUCT_NAME = "$(TARGET_NAME)";
			};
			name = Debug;
		};
		D030DCD41C9BD4F60024A0A2 /* Release */ = {
			isa = XCBuildConfiguration;
			buildSettings = {
				ASSETCATALOG_COMPILER_APPICON_NAME = AppIcon;
				INFOPLIST_FILE = "键盘遮盖输入框的处理/Info.plist";
				LD_RUNPATH_SEARCH_PATHS = "$(inherited) @executable_path/Frameworks";
				PRODUCT_BUNDLE_IDENTIFIER = "com.sw.iOS.----------";
				PRODUCT_NAME = "$(TARGET_NAME)";
			};
			name = Release;
		};
		D030DCD61C9BD4F60024A0A2 /* Debug */ = {
			isa = XCBuildConfiguration;
			buildSettings = {
				BUNDLE_LOADER = "$(TEST_HOST)";
				INFOPLIST_FILE = "键盘遮盖输入框的处理Tests/Info.plist";
				LD_RUNPATH_SEARCH_PATHS = "$(inherited) @executable_path/Frameworks @loader_path/Frameworks";
				PRODUCT_BUNDLE_IDENTIFIER = "com.sw.iOS.----------Tests";
				PRODUCT_NAME = "$(TARGET_NAME)";
				TEST_HOST = "$(BUILT_PRODUCTS_DIR)/键盘遮盖输入框的处理.app/键盘遮盖输入框的处理";
			};
			name = Debug;
		};
		D030DCD71C9BD4F60024A0A2 /* Release */ = {
			isa = XCBuildConfiguration;
			buildSettings = {
				BUNDLE_LOADER = "$(TEST_HOST)";
				INFOPLIST_FILE = "键盘遮盖输入框的处理Tests/Info.plist";
				LD_RUNPATH_SEARCH_PATHS = "$(inherited) @executable_path/Frameworks @loader_path/Frameworks";
				PRODUCT_BUNDLE_IDENTIFIER = "com.sw.iOS.----------Tests";
				PRODUCT_NAME = "$(TARGET_NAME)";
				TEST_HOST = "$(BUILT_PRODUCTS_DIR)/键盘遮盖输入框的处理.app/键盘遮盖输入框的处理";
			};
			name = Release;
		};
		D030DCD91C9BD4F60024A0A2 /* Debug */ = {
			isa = XCBuildConfiguration;
			buildSettings = {
				INFOPLIST_FILE = "键盘遮盖输入框的处理UITests/Info.plist";
				LD_RUNPATH_SEARCH_PATHS = "$(inherited) @executable_path/Frameworks @loader_path/Frameworks";
				PRODUCT_BUNDLE_IDENTIFIER = "com.sw.iOS.----------UITests";
				PRODUCT_NAME = "$(TARGET_NAME)";
				TEST_TARGET_NAME = "键盘遮盖输入框的处理";
				USES_XCTRUNNER = YES;
			};
			name = Debug;
		};
		D030DCDA1C9BD4F60024A0A2 /* Release */ = {
			isa = XCBuildConfiguration;
			buildSettings = {
				INFOPLIST_FILE = "键盘遮盖输入框的处理UITests/Info.plist";
				LD_RUNPATH_SEARCH_PATHS = "$(inherited) @executable_path/Frameworks @loader_path/Frameworks";
				PRODUCT_BUNDLE_IDENTIFIER = "com.sw.iOS.----------UITests";
				PRODUCT_NAME = "$(TARGET_NAME)";
				TEST_TARGET_NAME = "键盘遮盖输入框的处理";
				USES_XCTRUNNER = YES;
			};
			name = Release;
		};
/* End XCBuildConfiguration section */

/* Begin XCConfigurationList section */
		D030DCA01C9BD4F60024A0A2 /* Build configuration list for PBXProject "键盘遮盖输入框的处理" */ = {
			isa = XCConfigurationList;
			buildConfigurations = (
				D030DCD01C9BD4F60024A0A2 /* Debug */,
				D030DCD11C9BD4F60024A0A2 /* Release */,
			);
			defaultConfigurationIsVisible = 0;
			defaultConfigurationName = Release;
		};
		D030DCD21C9BD4F60024A0A2 /* Build configuration list for PBXNativeTarget "键盘遮盖输入框的处理" */ = {
			isa = XCConfigurationList;
			buildConfigurations = (
				D030DCD31C9BD4F60024A0A2 /* Debug */,
				D030DCD41C9BD4F60024A0A2 /* Release */,
			);
			defaultConfigurationIsVisible = 0;
		};
		D030DCD51C9BD4F60024A0A2 /* Build configuration list for PBXNativeTarget "键盘遮盖输入框的处理Tests" */ = {
			isa = XCConfigurationList;
			buildConfigurations = (
				D030DCD61C9BD4F60024A0A2 /* Debug */,
				D030DCD71C9BD4F60024A0A2 /* Release */,
			);
			defaultConfigurationIsVisible = 0;
		};
		D030DCD81C9BD4F60024A0A2 /* Build configuration list for PBXNativeTarget "键盘遮盖输入框的处理UITests" */ = {
			isa = XCConfigurationList;
			buildConfigurations = (
				D030DCD91C9BD4F60024A0A2 /* Debug */,
				D030DCDA1C9BD4F60024A0A2 /* Release */,
			);
			defaultConfigurationIsVisible = 0;
		};
/* End XCConfigurationList section */
	};
	rootObject = D030DC9D1C9BD4F60024A0A2 /* Project object */;
}
